
Microsoft Visual Studio Solution File, Format Version 12.00
# Visual Studio Version 17
VisualStudioVersion = 17.4.33205.214
MinimumVisualStudioVersion = 10.0.40219.1
Project("{FAE04EC0-301F-11D3-BF4B-00C04F79EFBC}") = "Backet.WebApi", "Backet.WebApi\Backet.WebApi.csproj", "{920DC65E-74B3-4BEF-BAA8-37F2291F5885}"
EndProject
Project("{FAE04EC0-301F-11D3-BF4B-00C04F79EFBC}") = "Backet.DataProvider", "Backet.DataProvider\Backet.DataProvider.csproj", "{4C917AB7-AAC1-473D-8B3E-EBCB61504973}"
EndProject
Project("{FAE04EC0-301F-11D3-BF4B-00C04F79EFBC}") = "Backet.Logic", "Backet.Logic\Backet.Logic.csproj", "{884E5031-1FC4-4DC5-8F0E-72F85C535040}"
EndProject
Global
	GlobalSection(SolutionConfigurationPlatforms) = preSolution
		Debug|Any CPU = Debug|Any CPU
		Release|Any CPU = Release|Any CPU
	EndGlobalSection
	GlobalSection(ProjectConfigurationPlatforms) = postSolution
		{920DC65E-74B3-4BEF-BAA8-37F2291F5885}.Debug|Any CPU.ActiveCfg = Debug|Any CPU
		{920DC65E-74B3-4BEF-BAA8-37F2291F5885}.Debug|Any CPU.Build.0 = Debug|Any CPU
		{920DC65E-74B3-4BEF-BAA8-37F2291F5885}.Release|Any CPU.ActiveCfg = Release|Any CPU
		{920DC65E-74B3-4BEF-BAA8-37F2291F5885}.Release|Any CPU.Build.0 = Release|Any CPU
		{4C917AB7-AAC1-473D-8B3E-EBCB61504973}.Debug|Any CPU.ActiveCfg = Debug|Any CPU
		{4C917AB7-AAC1-473D-8B3E-EBCB61504973}.Debug|Any CPU.Build.0 = Debug|Any CPU
		{4C917AB7-AAC1-473D-8B3E-EBCB61504973}.Release|Any CPU.ActiveCfg = Release|Any CPU
		{4C917AB7-AAC1-473D-8B3E-EBCB61504973}.Release|Any CPU.Build.0 = Release|Any CPU
		{884E5031-1FC4-4DC5-8F0E-72F85C535040}.Debug|Any CPU.ActiveCfg = Debug|Any CPU
		{884E5031-1FC4-4DC5-8F0E-72F85C535040}.Debug|Any CPU.Build.0 = Debug|Any CPU
		{884E5031-1FC4-4DC5-8F0E-72F85C535040}.Release|Any CPU.ActiveCfg = Release|Any CPU
		{884E5031-1FC4-4DC5-8F0E-72F85C535040}.Release|Any CPU.Build.0 = Release|Any CPU
	EndGlobalSection
	GlobalSection(SolutionProperties) = preSolution
		HideSolutionNode = FALSE
	EndGlobalSection
	GlobalSection(ExtensibilityGlobals) = postSolution
		SolutionGuid = {E783CC65-1857-4484-9657-979065FEABA6}
	EndGlobalSection
EndGlobal
